
Microsoft Visual Studio Solution File, Format Version 12.00
# Visual Studio Version 17
VisualStudioVersion = 17.4.33205.214
MinimumVisualStudioVersion = 10.0.40219.1
Project("{9A19103F-16F7-4668-BE54-9A1E7A4F7556}") = "BookingService.Presentation", "BookingService.Presentation.csproj", "{8A1D1B0A-370B-4A37-9D21-938BD88CF59F}"
EndProject
Project("{9A19103F-16F7-4668-BE54-9A1E7A4F7556}") = "BookingService.Domain", "..\BookingService.Domain\BookingService.Domain\BookingService.Domain.csproj", "{E6C9F70B-3EB7-45E5-AEA7-44AC3F27F6D5}"
EndProject
Project("{9A19103F-16F7-4668-BE54-9A1E7A4F7556}") = "BookingService.Application", "..\BookingService.Application\BookingService.Application\BookingService.Application.csproj", "{657CECCF-583C-4E67-A187-3B03161A8277}"
EndProject
Project("{9A19103F-16F7-4668-BE54-9A1E7A4F7556}") = "BookingService.Infrastructure", "..\BookingService.Infrastructure\BookingService.Infrastructure\BookingService.Infrastructure.csproj", "{C074E7BA-A251-4707-A678-D9E4819E8B2C}"
EndProject
Global
	GlobalSection(SolutionConfigurationPlatforms) = preSolution
		Debug|Any CPU = Debug|Any CPU
		Release|Any CPU = Release|Any CPU
	EndGlobalSection
	GlobalSection(ProjectConfigurationPlatforms) = postSolution
		{8A1D1B0A-370B-4A37-9D21-938BD88CF59F}.Debug|Any CPU.ActiveCfg = Debug|Any CPU
		{8A1D1B0A-370B-4A37-9D21-938BD88CF59F}.Debug|Any CPU.Build.0 = Debug|Any CPU
		{8A1D1B0A-370B-4A37-9D21-938BD88CF59F}.Release|Any CPU.ActiveCfg = Release|Any CPU
		{8A1D1B0A-370B-4A37-9D21-938BD88CF59F}.Release|Any CPU.Build.0 = Release|Any CPU
		{E6C9F70B-3EB7-45E5-AEA7-44AC3F27F6D5}.Debug|Any CPU.ActiveCfg = Debug|Any CPU
		{E6C9F70B-3EB7-45E5-AEA7-44AC3F27F6D5}.Debug|Any CPU.Build.0 = Debug|Any CPU
		{E6C9F70B-3EB7-45E5-AEA7-44AC3F27F6D5}.Release|Any CPU.ActiveCfg = Release|Any CPU
		{E6C9F70B-3EB7-45E5-AEA7-44AC3F27F6D5}.Release|Any CPU.Build.0 = Release|Any CPU
		{657CECCF-583C-4E67-A187-3B03161A8277}.Debug|Any CPU.ActiveCfg = Debug|Any CPU
		{657CECCF-583C-4E67-A187-3B03161A8277}.Debug|Any CPU.Build.0 = Debug|Any CPU
		{657CECCF-583C-4E67-A187-3B03161A8277}.Release|Any CPU.ActiveCfg = Release|Any CPU
		{657CECCF-583C-4E67-A187-3B03161A8277}.Release|Any CPU.Build.0 = Release|Any CPU
		{C074E7BA-A251-4707-A678-D9E4819E8B2C}.Debug|Any CPU.ActiveCfg = Debug|Any CPU
		{C074E7BA-A251-4707-A678-D9E4819E8B2C}.Debug|Any CPU.Build.0 = Debug|Any CPU
		{C074E7BA-A251-4707-A678-D9E4819E8B2C}.Release|Any CPU.ActiveCfg = Release|Any CPU
		{C074E7BA-A251-4707-A678-D9E4819E8B2C}.Release|Any CPU.Build.0 = Release|Any CPU
	EndGlobalSection
	GlobalSection(SolutionProperties) = preSolution
		HideSolutionNode = FALSE
	EndGlobalSection
	GlobalSection(ExtensibilityGlobals) = postSolution
		SolutionGuid = {83BDF732-543E-4E48-9B66-08EBEE0C1F12}
	EndGlobalSection
EndGlobal
