
Microsoft Visual Studio Solution File, Format Version 12.00
# Visual Studio Version 17
VisualStudioVersion = 17.4.33205.214
MinimumVisualStudioVersion = 10.0.40219.1
Project("{FAE04EC0-301F-11D3-BF4B-00C04F79EFBC}") = "OcelotApiGateway", "OcelotApiGateway.csproj", "{F27299BF-9C8B-4ED0-B5BB-20C18B5A2EBA}"
EndProject
Global
	GlobalSection(SolutionConfigurationPlatforms) = preSolution
		Debug|Any CPU = Debug|Any CPU
		Release|Any CPU = Release|Any CPU
	EndGlobalSection
	GlobalSection(ProjectConfigurationPlatforms) = postSolution
		{F27299BF-9C8B-4ED0-B5BB-20C18B5A2EBA}.Debug|Any CPU.ActiveCfg = Debug|Any CPU
		{F27299BF-9C8B-4ED0-B5BB-20C18B5A2EBA}.Debug|Any CPU.Build.0 = Debug|Any CPU
		{F27299BF-9C8B-4ED0-B5BB-20C18B5A2EBA}.Release|Any CPU.ActiveCfg = Release|Any CPU
		{F27299BF-9C8B-4ED0-B5BB-20C18B5A2EBA}.Release|Any CPU.Build.0 = Release|Any CPU
	EndGlobalSection
	GlobalSection(SolutionProperties) = preSolution
		HideSolutionNode = FALSE
	EndGlobalSection
	GlobalSection(ExtensibilityGlobals) = postSolution
		SolutionGuid = {391B34D1-C070-4AB6-A2D1-32A41DF4A281}
	EndGlobalSection
EndGlobal
