
Microsoft Visual Studio Solution File, Format Version 12.00
# Visual Studio Version 17
VisualStudioVersion = 17.4.33205.214
MinimumVisualStudioVersion = 10.0.40219.1
Project("{9A19103F-16F7-4668-BE54-9A1E7A4F7556}") = "OrderService.Presentation", "OrderService.Presentation\OrderService.Presentation.csproj", "{FB38B7D7-F2AA-4BFD-A7BB-29ECF6E4580F}"
EndProject
Project("{9A19103F-16F7-4668-BE54-9A1E7A4F7556}") = "OrderService.Application", "OrderService.Application\OrderService.Application.csproj", "{9F5FBF2E-603C-4FC3-9B32-EEF916A42521}"
EndProject
Project("{9A19103F-16F7-4668-BE54-9A1E7A4F7556}") = "OrderService.Infrastructure", "OrderService.Infrastructure\OrderService.Infrastructure.csproj", "{770F8CB1-8957-4E26-9562-429B87AE3858}"
EndProject
Project("{9A19103F-16F7-4668-BE54-9A1E7A4F7556}") = "OrderService.Domain", "OrderService.Domain\OrderService.Domain.csproj", "{33F61DA0-D25F-4C22-8B9B-9613414A1C46}"
EndProject
Project("{2150E333-8FDC-42A3-9474-1A3956D46DE8}") = "src", "src", "{B33A33C7-3173-4B07-B434-79CABDAC9DDF}"
EndProject
Project("{2150E333-8FDC-42A3-9474-1A3956D46DE8}") = "Tests", "Tests", "{4A386D91-1E60-450F-8B55-884C534A311B}"
EndProject
Project("{FAE04EC0-301F-11D3-BF4B-00C04F79EFBC}") = "OrderService.Tests", "OrderService.Tests\OrderService.Tests.csproj", "{A9984666-E5B4-4155-80CB-F3AA4FDE9892}"
EndProject
Global
	GlobalSection(SolutionConfigurationPlatforms) = preSolution
		Debug|Any CPU = Debug|Any CPU
		Release|Any CPU = Release|Any CPU
	EndGlobalSection
	GlobalSection(ProjectConfigurationPlatforms) = postSolution
		{FB38B7D7-F2AA-4BFD-A7BB-29ECF6E4580F}.Debug|Any CPU.ActiveCfg = Debug|Any CPU
		{FB38B7D7-F2AA-4BFD-A7BB-29ECF6E4580F}.Debug|Any CPU.Build.0 = Debug|Any CPU
		{FB38B7D7-F2AA-4BFD-A7BB-29ECF6E4580F}.Release|Any CPU.ActiveCfg = Release|Any CPU
		{FB38B7D7-F2AA-4BFD-A7BB-29ECF6E4580F}.Release|Any CPU.Build.0 = Release|Any CPU
		{9F5FBF2E-603C-4FC3-9B32-EEF916A42521}.Debug|Any CPU.ActiveCfg = Debug|Any CPU
		{9F5FBF2E-603C-4FC3-9B32-EEF916A42521}.Debug|Any CPU.Build.0 = Debug|Any CPU
		{9F5FBF2E-603C-4FC3-9B32-EEF916A42521}.Release|Any CPU.ActiveCfg = Release|Any CPU
		{9F5FBF2E-603C-4FC3-9B32-EEF916A42521}.Release|Any CPU.Build.0 = Release|Any CPU
		{770F8CB1-8957-4E26-9562-429B87AE3858}.Debug|Any CPU.ActiveCfg = Debug|Any CPU
		{770F8CB1-8957-4E26-9562-429B87AE3858}.Debug|Any CPU.Build.0 = Debug|Any CPU
		{770F8CB1-8957-4E26-9562-429B87AE3858}.Release|Any CPU.ActiveCfg = Release|Any CPU
		{770F8CB1-8957-4E26-9562-429B87AE3858}.Release|Any CPU.Build.0 = Release|Any CPU
		{33F61DA0-D25F-4C22-8B9B-9613414A1C46}.Debug|Any CPU.ActiveCfg = Debug|Any CPU
		{33F61DA0-D25F-4C22-8B9B-9613414A1C46}.Debug|Any CPU.Build.0 = Debug|Any CPU
		{33F61DA0-D25F-4C22-8B9B-9613414A1C46}.Release|Any CPU.ActiveCfg = Release|Any CPU
		{33F61DA0-D25F-4C22-8B9B-9613414A1C46}.Release|Any CPU.Build.0 = Release|Any CPU
		{A9984666-E5B4-4155-80CB-F3AA4FDE9892}.Debug|Any CPU.ActiveCfg = Debug|Any CPU
		{A9984666-E5B4-4155-80CB-F3AA4FDE9892}.Debug|Any CPU.Build.0 = Debug|Any CPU
		{A9984666-E5B4-4155-80CB-F3AA4FDE9892}.Release|Any CPU.ActiveCfg = Release|Any CPU
		{A9984666-E5B4-4155-80CB-F3AA4FDE9892}.Release|Any CPU.Build.0 = Release|Any CPU
	EndGlobalSection
	GlobalSection(SolutionProperties) = preSolution
		HideSolutionNode = FALSE
	EndGlobalSection
	GlobalSection(NestedProjects) = preSolution
		{FB38B7D7-F2AA-4BFD-A7BB-29ECF6E4580F} = {B33A33C7-3173-4B07-B434-79CABDAC9DDF}
		{9F5FBF2E-603C-4FC3-9B32-EEF916A42521} = {B33A33C7-3173-4B07-B434-79CABDAC9DDF}
		{770F8CB1-8957-4E26-9562-429B87AE3858} = {B33A33C7-3173-4B07-B434-79CABDAC9DDF}
		{33F61DA0-D25F-4C22-8B9B-9613414A1C46} = {B33A33C7-3173-4B07-B434-79CABDAC9DDF}
		{A9984666-E5B4-4155-80CB-F3AA4FDE9892} = {4A386D91-1E60-450F-8B55-884C534A311B}
	EndGlobalSection
	GlobalSection(ExtensibilityGlobals) = postSolution
		SolutionGuid = {1AABAA6E-5160-4A91-8B31-7BBD4AD56471}
	EndGlobalSection
EndGlobal
