
Microsoft Visual Studio Solution File, Format Version 12.00
# Visual Studio Version 17
VisualStudioVersion = 17.4.33205.214
MinimumVisualStudioVersion = 10.0.40219.1
Project("{9A19103F-16F7-4668-BE54-9A1E7A4F7556}") = "IdentityService.API", "IdentityService.API.csproj", "{B49B267B-AB74-4600-8768-36BD4589C477}"
EndProject
Project("{9A19103F-16F7-4668-BE54-9A1E7A4F7556}") = "IdentityService.DataAccess", "..\IdentityService.DataAccess\IdentityService.DataAccess.csproj", "{1A2DEE1C-BEA7-42D8-BD28-C30CC126548F}"
EndProject
Project("{9A19103F-16F7-4668-BE54-9A1E7A4F7556}") = "IdentityService.BusinessLogic", "..\IdentityService.BusinessLogic\IdentityService.BusinessLogic.csproj", "{B4DD4EB5-E2FA-4706-8F52-6A846C1121BF}"
EndProject
Global
	GlobalSection(SolutionConfigurationPlatforms) = preSolution
		Debug|Any CPU = Debug|Any CPU
		Release|Any CPU = Release|Any CPU
	EndGlobalSection
	GlobalSection(ProjectConfigurationPlatforms) = postSolution
		{B49B267B-AB74-4600-8768-36BD4589C477}.Debug|Any CPU.ActiveCfg = Debug|Any CPU
		{B49B267B-AB74-4600-8768-36BD4589C477}.Debug|Any CPU.Build.0 = Debug|Any CPU
		{B49B267B-AB74-4600-8768-36BD4589C477}.Release|Any CPU.ActiveCfg = Release|Any CPU
		{B49B267B-AB74-4600-8768-36BD4589C477}.Release|Any CPU.Build.0 = Release|Any CPU
		{1A2DEE1C-BEA7-42D8-BD28-C30CC126548F}.Debug|Any CPU.ActiveCfg = Debug|Any CPU
		{1A2DEE1C-BEA7-42D8-BD28-C30CC126548F}.Debug|Any CPU.Build.0 = Debug|Any CPU
		{1A2DEE1C-BEA7-42D8-BD28-C30CC126548F}.Release|Any CPU.ActiveCfg = Release|Any CPU
		{1A2DEE1C-BEA7-42D8-BD28-C30CC126548F}.Release|Any CPU.Build.0 = Release|Any CPU
		{B4DD4EB5-E2FA-4706-8F52-6A846C1121BF}.Debug|Any CPU.ActiveCfg = Debug|Any CPU
		{B4DD4EB5-E2FA-4706-8F52-6A846C1121BF}.Debug|Any CPU.Build.0 = Debug|Any CPU
		{B4DD4EB5-E2FA-4706-8F52-6A846C1121BF}.Release|Any CPU.ActiveCfg = Release|Any CPU
		{B4DD4EB5-E2FA-4706-8F52-6A846C1121BF}.Release|Any CPU.Build.0 = Release|Any CPU
	EndGlobalSection
	GlobalSection(SolutionProperties) = preSolution
		HideSolutionNode = FALSE
	EndGlobalSection
	GlobalSection(ExtensibilityGlobals) = postSolution
		SolutionGuid = {22EA87C7-70E0-47D6-A170-EE58E2F0654B}
	EndGlobalSection
EndGlobal
